
Microsoft Visual Studio Solution File, Format Version 12.00
# Visual Studio Version 16
VisualStudioVersion = 16.0.29911.84
MinimumVisualStudioVersion = 10.0.40219.1
Project("{9A19103F-16F7-4668-BE54-9A1E7A4F7556}") = "eSuperShop.Web", "eSuperShop.Web\eSuperShop.Web.csproj", "{7FDE637E-8F76-45FB-992F-30557F02957E}"
EndProject
Project("{9A19103F-16F7-4668-BE54-9A1E7A4F7556}") = "eSuperShop.Data", "eSuperShop.Data\eSuperShop.Data.csproj", "{EC082789-C260-402C-97A2-CD4356086686}"
EndProject
Project("{9A19103F-16F7-4668-BE54-9A1E7A4F7556}") = "eSuperShop.Repository", "eSuperShop.Repository\eSuperShop.Repository.csproj", "{2639D253-9FBD-48D5-A73D-9B76DA286498}"
EndProject
Project("{9A19103F-16F7-4668-BE54-9A1E7A4F7556}") = "eSuperShop.BusinessLogic", "eSuperShop.BusinessLogic\eSuperShop.BusinessLogic.csproj", "{6B81B04A-A67E-4C16-B93D-931DA01EF73D}"
EndProject
Project("{FAE04EC0-301F-11D3-BF4B-00C04F79EFBC}") = "CloudStorage", "CloudStorage\CloudStorage.csproj", "{3C6F9B92-B066-41DC-91C6-FFDC0CB33F40}"
EndProject
Global
	GlobalSection(SolutionConfigurationPlatforms) = preSolution
		Debug|Any CPU = Debug|Any CPU
		Release|Any CPU = Release|Any CPU
	EndGlobalSection
	GlobalSection(ProjectConfigurationPlatforms) = postSolution
		{7FDE637E-8F76-45FB-992F-30557F02957E}.Debug|Any CPU.ActiveCfg = Debug|Any CPU
		{7FDE637E-8F76-45FB-992F-30557F02957E}.Debug|Any CPU.Build.0 = Debug|Any CPU
		{7FDE637E-8F76-45FB-992F-30557F02957E}.Release|Any CPU.ActiveCfg = Release|Any CPU
		{7FDE637E-8F76-45FB-992F-30557F02957E}.Release|Any CPU.Build.0 = Release|Any CPU
		{EC082789-C260-402C-97A2-CD4356086686}.Debug|Any CPU.ActiveCfg = Debug|Any CPU
		{EC082789-C260-402C-97A2-CD4356086686}.Debug|Any CPU.Build.0 = Debug|Any CPU
		{EC082789-C260-402C-97A2-CD4356086686}.Release|Any CPU.ActiveCfg = Release|Any CPU
		{EC082789-C260-402C-97A2-CD4356086686}.Release|Any CPU.Build.0 = Release|Any CPU
		{2639D253-9FBD-48D5-A73D-9B76DA286498}.Debug|Any CPU.ActiveCfg = Debug|Any CPU
		{2639D253-9FBD-48D5-A73D-9B76DA286498}.Debug|Any CPU.Build.0 = Debug|Any CPU
		{2639D253-9FBD-48D5-A73D-9B76DA286498}.Release|Any CPU.ActiveCfg = Release|Any CPU
		{2639D253-9FBD-48D5-A73D-9B76DA286498}.Release|Any CPU.Build.0 = Release|Any CPU
		{6B81B04A-A67E-4C16-B93D-931DA01EF73D}.Debug|Any CPU.ActiveCfg = Debug|Any CPU
		{6B81B04A-A67E-4C16-B93D-931DA01EF73D}.Debug|Any CPU.Build.0 = Debug|Any CPU
		{6B81B04A-A67E-4C16-B93D-931DA01EF73D}.Release|Any CPU.ActiveCfg = Release|Any CPU
		{6B81B04A-A67E-4C16-B93D-931DA01EF73D}.Release|Any CPU.Build.0 = Release|Any CPU
		{3C6F9B92-B066-41DC-91C6-FFDC0CB33F40}.Debug|Any CPU.ActiveCfg = Debug|Any CPU
		{3C6F9B92-B066-41DC-91C6-FFDC0CB33F40}.Debug|Any CPU.Build.0 = Debug|Any CPU
		{3C6F9B92-B066-41DC-91C6-FFDC0CB33F40}.Release|Any CPU.ActiveCfg = Release|Any CPU
		{3C6F9B92-B066-41DC-91C6-FFDC0CB33F40}.Release|Any CPU.Build.0 = Release|Any CPU
	EndGlobalSection
	GlobalSection(SolutionProperties) = preSolution
		HideSolutionNode = FALSE
	EndGlobalSection
	GlobalSection(ExtensibilityGlobals) = postSolution
		SolutionGuid = {10AB6B63-FAE2-4300-9D31-F1AB989DE98B}
	EndGlobalSection
EndGlobal
